
Microsoft Visual Studio Solution File, Format Version 12.00
# Visual Studio Version 17
VisualStudioVersion = 17.4.33122.133
MinimumVisualStudioVersion = 10.0.40219.1
Project("{FAE04EC0-301F-11D3-BF4B-00C04F79EFBC}") = "masterpeiceTest", "masterpeiceTest\masterpeiceTest.csproj", "{09F2FAB9-305B-434B-A730-E06CC2FAE114}"
EndProject
Global
	GlobalSection(SolutionConfigurationPlatforms) = preSolution
		Debug|Any CPU = Debug|Any CPU
		Release|Any CPU = Release|Any CPU
	EndGlobalSection
	GlobalSection(ProjectConfigurationPlatforms) = postSolution
		{09F2FAB9-305B-434B-A730-E06CC2FAE114}.Debug|Any CPU.ActiveCfg = Debug|Any CPU
		{09F2FAB9-305B-434B-A730-E06CC2FAE114}.Debug|Any CPU.Build.0 = Debug|Any CPU
		{09F2FAB9-305B-434B-A730-E06CC2FAE114}.Release|Any CPU.ActiveCfg = Release|Any CPU
		{09F2FAB9-305B-434B-A730-E06CC2FAE114}.Release|Any CPU.Build.0 = Release|Any CPU
	EndGlobalSection
	GlobalSection(SolutionProperties) = preSolution
		HideSolutionNode = FALSE
	EndGlobalSection
	GlobalSection(ExtensibilityGlobals) = postSolution
		SolutionGuid = {E2244D48-6F41-45D2-9258-E83513C0AC48}
	EndGlobalSection
EndGlobal
